{
  "name": "tello-wifi",
  "version": "1.0.0",
  "lockfileVersion": 1,
  "requires": true,
  "dependencies": {
    "dbus": {
      "version": "1.0.6",
      "resolved": "https://registry.npmjs.org/dbus/-/dbus-1.0.6.tgz",
      "integrity": "sha512-2+gz2zGQ/1+kUDH72w5oa1Iv9PMrp+UGKeKjT3QAsuMC/APTc6wpHJT1oxqzoF0fdmyCpbUo90uoZH2VsKHUJQ==",
      "requires": {
        "nan": "^2.14.0"
      }
    },
    "nan": {
      "version": "2.14.0",
      "resolved": "https://registry.npmjs.org/nan/-/nan-2.14.0.tgz",
      "integrity": "sha512-INOFj37C7k3AfaNTtX8RhsTw7qRy7eLET14cROi9+5HAVbbHuIWUHEauBv5qT4Av2tWasiTY1Jw6puUNqRJXQg=="
    },
    "thunky": {
      "version": "1.1.0",
      "resolved": "https://registry.npmjs.org/thunky/-/thunky-1.1.0.tgz",
      "integrity": "sha512-eHY7nBftgThBqOyHGVN+l8gF0BucP09fMo0oO/Lb0w1OF80dJv+lDVpXG60WMQvkcxAkNybKsrEIE3ZtKGmPrA=="
    },
    "wpa_supplicant": {
      "version": "1.0.2",
      "resolved": "https://registry.npmjs.org/wpa_supplicant/-/wpa_supplicant-1.0.2.tgz",
      "integrity": "sha512-XXGibNsrpBdOrSR8uW1oJ9Tcikg285Zgyk54ddBg2kLZF6es/VnjAhAj3eIE0MwSwB+b95xKl+5HhLhqEBAxOQ==",
      "requires": {
        "dbus": "^1.0.0",
        "thunky": "^1.0.2"
      }
    }
  }
}
